
Microsoft Visual Studio Solution File, Format Version 12.00
# Visual Studio Version 17
VisualStudioVersion = 17.8.34525.116
MinimumVisualStudioVersion = 10.0.40219.1
Project("{FAE04EC0-301F-11D3-BF4B-00C04F79EFBC}") = "SistemaVenta.Entity", "SistemaVenta.Entity\SistemaVenta.Entity.csproj", "{1611A728-4A1B-4883-AEC8-54FF147A41B1}"
EndProject
Project("{FAE04EC0-301F-11D3-BF4B-00C04F79EFBC}") = "SistemaVenta.DAL}", "SistemaVenta.DAL}\SistemaVenta.DAL}.csproj", "{83DE07DB-2FFA-4FAA-A80E-6469D638D8F7}"
EndProject
Project("{FAE04EC0-301F-11D3-BF4B-00C04F79EFBC}") = "SistemaVenta.BLL", "SistemaVenta.BLL\SistemaVenta.BLL.csproj", "{7DFC73CF-FFFC-4803-9380-EDC320402BE5}"
EndProject
Project("{FAE04EC0-301F-11D3-BF4B-00C04F79EFBC}") = "SistemaVenta.IOC", "SistemaVenta.IOC\SistemaVenta.IOC.csproj", "{CAE0E8BA-499F-4C8F-AF8B-98FD988C65F5}"
EndProject
Project("{FAE04EC0-301F-11D3-BF4B-00C04F79EFBC}") = "SistemaVenta.AplicacionWeb", "SistemaVenta.AplicacionWeb\SistemaVenta.AplicacionWeb.csproj", "{FECF364D-E002-4893-A33D-C3345CCC2D0C}"
EndProject
Global
	GlobalSection(SolutionConfigurationPlatforms) = preSolution
		Debug|Any CPU = Debug|Any CPU
		Release|Any CPU = Release|Any CPU
	EndGlobalSection
	GlobalSection(ProjectConfigurationPlatforms) = postSolution
		{1611A728-4A1B-4883-AEC8-54FF147A41B1}.Debug|Any CPU.ActiveCfg = Debug|Any CPU
		{1611A728-4A1B-4883-AEC8-54FF147A41B1}.Debug|Any CPU.Build.0 = Debug|Any CPU
		{1611A728-4A1B-4883-AEC8-54FF147A41B1}.Release|Any CPU.ActiveCfg = Release|Any CPU
		{1611A728-4A1B-4883-AEC8-54FF147A41B1}.Release|Any CPU.Build.0 = Release|Any CPU
		{83DE07DB-2FFA-4FAA-A80E-6469D638D8F7}.Debug|Any CPU.ActiveCfg = Debug|Any CPU
		{83DE07DB-2FFA-4FAA-A80E-6469D638D8F7}.Debug|Any CPU.Build.0 = Debug|Any CPU
		{83DE07DB-2FFA-4FAA-A80E-6469D638D8F7}.Release|Any CPU.ActiveCfg = Release|Any CPU
		{83DE07DB-2FFA-4FAA-A80E-6469D638D8F7}.Release|Any CPU.Build.0 = Release|Any CPU
		{7DFC73CF-FFFC-4803-9380-EDC320402BE5}.Debug|Any CPU.ActiveCfg = Debug|Any CPU
		{7DFC73CF-FFFC-4803-9380-EDC320402BE5}.Debug|Any CPU.Build.0 = Debug|Any CPU
		{7DFC73CF-FFFC-4803-9380-EDC320402BE5}.Release|Any CPU.ActiveCfg = Release|Any CPU
		{7DFC73CF-FFFC-4803-9380-EDC320402BE5}.Release|Any CPU.Build.0 = Release|Any CPU
		{CAE0E8BA-499F-4C8F-AF8B-98FD988C65F5}.Debug|Any CPU.ActiveCfg = Debug|Any CPU
		{CAE0E8BA-499F-4C8F-AF8B-98FD988C65F5}.Debug|Any CPU.Build.0 = Debug|Any CPU
		{CAE0E8BA-499F-4C8F-AF8B-98FD988C65F5}.Release|Any CPU.ActiveCfg = Release|Any CPU
		{CAE0E8BA-499F-4C8F-AF8B-98FD988C65F5}.Release|Any CPU.Build.0 = Release|Any CPU
		{FECF364D-E002-4893-A33D-C3345CCC2D0C}.Debug|Any CPU.ActiveCfg = Debug|Any CPU
		{FECF364D-E002-4893-A33D-C3345CCC2D0C}.Debug|Any CPU.Build.0 = Debug|Any CPU
		{FECF364D-E002-4893-A33D-C3345CCC2D0C}.Release|Any CPU.ActiveCfg = Release|Any CPU
		{FECF364D-E002-4893-A33D-C3345CCC2D0C}.Release|Any CPU.Build.0 = Release|Any CPU
	EndGlobalSection
	GlobalSection(SolutionProperties) = preSolution
		HideSolutionNode = FALSE
	EndGlobalSection
	GlobalSection(ExtensibilityGlobals) = postSolution
		SolutionGuid = {01A89113-A702-496F-8512-04C458DCD420}
	EndGlobalSection
EndGlobal
